
Microsoft Visual Studio Solution File, Format Version 12.00
Project("{FAE04EC0-301F-11D3-BF4B-00C04F79EFBC}") = "ConsoleFamilyTree", "ConsoleFamilyTree\ConsoleFamilyTree.csproj", "{FA64FDD1-AD69-4B73-8D5D-8A71CB8F3AFB}"
EndProject
Global
	GlobalSection(SolutionConfigurationPlatforms) = preSolution
		Debug|Any CPU = Debug|Any CPU
		Release|Any CPU = Release|Any CPU
	EndGlobalSection
	GlobalSection(ProjectConfigurationPlatforms) = postSolution
		{FA64FDD1-AD69-4B73-8D5D-8A71CB8F3AFB}.Debug|Any CPU.ActiveCfg = Debug|Any CPU
		{FA64FDD1-AD69-4B73-8D5D-8A71CB8F3AFB}.Debug|Any CPU.Build.0 = Debug|Any CPU
		{FA64FDD1-AD69-4B73-8D5D-8A71CB8F3AFB}.Release|Any CPU.ActiveCfg = Release|Any CPU
		{FA64FDD1-AD69-4B73-8D5D-8A71CB8F3AFB}.Release|Any CPU.Build.0 = Release|Any CPU
	EndGlobalSection
EndGlobal
